<?xml version="1.0" encoding="utf-8"?>
<Project ToolsVersion="4.0" xmlns="http://schemas.microsoft.com/developer/msbuild/2003">
  <ItemGroup>
    <Filter Include="Source Files">
      <UniqueIdentifier>{4FC737F1-C7A5-4376-A066-2A32D752A2FF}</UniqueIdentifier>
      <Extensions>cpp;c;cc;cxx;c++;cppm;ixx;def;odl;idl;hpj;bat;asm;asmx</Extensions>
    </Filter>
    <Filter Include="Header Files">
      <UniqueIdentifier>{93995380-89BD-4b04-88EB-625FBE52EBFB}</UniqueIdentifier>
      <Extensions>h;hh;hpp;hxx;h++;hm;inl;inc;ipp;xsd</Extensions>
    </Filter>
    <Filter Include="Resource Files">
      <UniqueIdentifier>{67DA6AB6-F800-4c08-8B7A-83BB121AAD01}</UniqueIdentifier>
      <Extensions>rc;ico;cur;bmp;dlg;rc2;rct;bin;rgs;gif;jpg;jpeg;jpe;resx;tiff;tif;png;wav;mfcribbon-ms</Extensions>
    </Filter>
  </ItemGroup>
  <ItemGroup>
    <ClCompile Include="OpenCV_test.cpp">
      <Filter>Source Files</Filter>
    </ClCompile>
    <ClCompile Include="conv_filter_2d.cpp">
      <Filter>Source Files</Filter>
    </ClCompile>
    <ClCompile Include="blur_methods.cpp">
      <Filter>Source Files</Filter>
    </ClCompile>
    <ClCompile Include="sobel_filter.cpp">
      <Filter>Source Files</Filter>
    </ClCompile>
    <ClCompile Include="laplacian.cpp">
      <Filter>Source Files</Filter>
    </ClCompile>
    <ClCompile Include="drawing_methods_I.cpp">
      <Filter>Source Files</Filter>
    </ClCompile>
    <ClCompile Include="drawing_methods_II.cpp">
      <Filter>Source Files</Filter>
    </ClCompile>
    <ClCompile Include="drawing_image_contours.cpp">
      <Filter>Source Files</Filter>
    </ClCompile>
    <ClCompile Include="resize.cpp">
      <Filter>Source Files</Filter>
    </ClCompile>
    <ClCompile Include="warp_persepective.cpp">
      <Filter>Source Files</Filter>
    </ClCompile>
    <ClCompile Include="affine_transform.cpp">
      <Filter>Source Files</Filter>
    </ClCompile>
    <ClCompile Include="rotation.cpp">
      <Filter>Source Files</Filter>
    </ClCompile>
    <ClCompile Include="data_types.cpp">
      <Filter>Source Files</Filter>
    </ClCompile>
    <ClCompile Include="convert_map.cpp">
      <Filter>Source Files</Filter>
    </ClCompile>
    <ClCompile Include="remap.cpp">
      <Filter>Source Files</Filter>
    </ClCompile>
    <ClCompile Include="polar_transformations.cpp">
      <Filter>Source Files</Filter>
    </ClCompile>
    <ClCompile Include="rectangle_sub_pixel.cpp">
      <Filter>Source Files</Filter>
    </ClCompile>
    <ClCompile Include="threshold.cpp">
      <Filter>Source Files</Filter>
    </ClCompile>
    <ClCompile Include="adaptive_threshold.cpp">
      <Filter>Source Files</Filter>
    </ClCompile>
    <ClCompile Include="integral.cpp">
      <Filter>Source Files</Filter>
    </ClCompile>
    <ClCompile Include="distance_transform.cpp">
      <Filter>Source Files</Filter>
    </ClCompile>
    <ClCompile Include="blend_linear.cpp">
      <Filter>Source Files</Filter>
    </ClCompile>
    <ClCompile Include="grab_cut.cpp">
      <Filter>Source Files</Filter>
    </ClCompile>
    <ClCompile Include="watershed.cpp">
      <Filter>Source Files</Filter>
    </ClCompile>
    <ClCompile Include="flood_fill.cpp">
      <Filter>Source Files</Filter>
    </ClCompile>
    <ClCompile Include="cvt_color.cpp">
      <Filter>Source Files</Filter>
    </ClCompile>
    <ClCompile Include="cvt_color_two_plane.cpp">
      <Filter>Source Files</Filter>
    </ClCompile>
    <ClCompile Include="demosaicing.cpp">
      <Filter>Source Files</Filter>
    </ClCompile>
    <ClCompile Include="apply_color_map.cpp">
      <Filter>Source Files</Filter>
    </ClCompile>
    <ClCompile Include="equalize_histogram.cpp">
      <Filter>Source Files</Filter>
    </ClCompile>
    <ClCompile Include="calculate_histogram.cpp">
      <Filter>Source Files</Filter>
    </ClCompile>
    <ClCompile Include="compare_histogram.cpp">
      <Filter>Source Files</Filter>
    </ClCompile>
    <ClCompile Include="calculate_back_projection.cpp">
      <Filter>Source Files</Filter>
    </ClCompile>
    <ClCompile Include="_test_stuff.cpp">
      <Filter>Source Files</Filter>
    </ClCompile>
    <ClCompile Include="emd.cpp">
      <Filter>Source Files</Filter>
    </ClCompile>
    <ClCompile Include="clahe.cpp">
      <Filter>Source Files</Filter>
    </ClCompile>
    <ClCompile Include="find_contours.cpp">
      <Filter>Source Files</Filter>
    </ClCompile>
    <ClCompile Include="bounding_rectangle.cpp">
      <Filter>Source Files</Filter>
    </ClCompile>
    <ClCompile Include="min_area_rectangle.cpp">
      <Filter>Source Files</Filter>
    </ClCompile>
    <ClCompile Include="min_enclosing_circle.cpp">
      <Filter>Source Files</Filter>
    </ClCompile>
    <ClCompile Include="min_enclosing_triangle.cpp">
      <Filter>Source Files</Filter>
    </ClCompile>
    <ClCompile Include="contour_convex.cpp">
      <Filter>Source Files</Filter>
    </ClCompile>
    <ClCompile Include="arc_length.cpp">
      <Filter>Source Files</Filter>
    </ClCompile>
    <ClCompile Include="approx_poly_dp.cpp">
      <Filter>Source Files</Filter>
    </ClCompile>
    <ClCompile Include="convex_hull.cpp">
      <Filter>Source Files</Filter>
    </ClCompile>
    <ClCompile Include="fit_line.cpp">
      <Filter>Source Files</Filter>
    </ClCompile>
    <ClCompile Include="rotated_rectangle_intersection.cpp">
      <Filter>Source Files</Filter>
    </ClCompile>
    <ClCompile Include="connected_components.cpp">
      <Filter>Source Files</Filter>
    </ClCompile>
    <ClCompile Include="intersection_convex_convex.cpp">
      <Filter>Source Files</Filter>
    </ClCompile>
    <ClCompile Include="contour_area.cpp">
      <Filter>Source Files</Filter>
    </ClCompile>
    <ClCompile Include="point_polygon_test.cpp">
      <Filter>Source Files</Filter>
    </ClCompile>
    <ClCompile Include="moments.cpp">
      <Filter>Source Files</Filter>
    </ClCompile>
    <ClCompile Include="hu_moments.cpp">
      <Filter>Source Files</Filter>
    </ClCompile>
    <ClCompile Include="match_shapes.cpp">
      <Filter>Source Files</Filter>
    </ClCompile>
    <ClCompile Include="canny.cpp">
      <Filter>Source Files</Filter>
    </ClCompile>
    <ClCompile Include="corner_harris.cpp">
      <Filter>Source Files</Filter>
    </ClCompile>
    <ClCompile Include="corner_eigen_val_vect.cpp">
      <Filter>Source Files</Filter>
    </ClCompile>
    <ClCompile Include="_green_detection_mask.cpp">
      <Filter>Source Files</Filter>
    </ClCompile>
    <ClCompile Include="good_features_to_track.cpp">
      <Filter>Source Files</Filter>
    </ClCompile>
    <ClCompile Include="hough_circles.cpp">
      <Filter>Source Files</Filter>
    </ClCompile>
    <ClCompile Include="hough_lines.cpp">
      <Filter>Source Files</Filter>
    </ClCompile>
    <ClCompile Include="named_window.cpp">
      <Filter>Source Files</Filter>
    </ClCompile>
    <ClCompile Include="move_window.cpp">
      <Filter>Source Files</Filter>
    </ClCompile>
    <ClCompile Include="destroy_window.cpp">
      <Filter>Source Files</Filter>
    </ClCompile>
    <ClCompile Include="resize_window.cpp">
      <Filter>Source Files</Filter>
    </ClCompile>
    <ClCompile Include="create_trackbar.cpp">
      <Filter>Source Files</Filter>
    </ClCompile>
    <ClCompile Include="get_trackbar_pos.cpp">
      <Filter>Source Files</Filter>
    </ClCompile>
    <ClCompile Include="set_mouse_callback.cpp">
      <Filter>Source Files</Filter>
    </ClCompile>
    <ClCompile Include="select_roi.cpp">
      <Filter>Source Files</Filter>
    </ClCompile>
    <ClCompile Include="hconcat_vconcat.cpp">
      <Filter>Source Files</Filter>
    </ClCompile>
    <ClCompile Include="merge_split.cpp">
      <Filter>Source Files</Filter>
    </ClCompile>
    <ClCompile Include="extract_channel.cpp">
      <Filter>Source Files</Filter>
    </ClCompile>
    <ClCompile Include="rotate.cpp">
      <Filter>Source Files</Filter>
    </ClCompile>
    <ClCompile Include="flip.cpp">
      <Filter>Source Files</Filter>
    </ClCompile>
    <ClCompile Include="count_non_zero.cpp">
      <Filter>Source Files</Filter>
    </ClCompile>
    <ClCompile Include="insert_channel.cpp">
      <Filter>Source Files</Filter>
    </ClCompile>
    <ClCompile Include="in_range.cpp">
      <Filter>Source Files</Filter>
    </ClCompile>
    <ClCompile Include="mean.cpp">
      <Filter>Source Files</Filter>
    </ClCompile>
    <ClCompile Include="compare.cpp">
      <Filter>Source Files</Filter>
    </ClCompile>
    <ClCompile Include="find_non_zero.cpp">
      <Filter>Source Files</Filter>
    </ClCompile>
    <ClCompile Include="complete_symm.cpp">
      <Filter>Source Files</Filter>
    </ClCompile>
    <ClCompile Include="min_max.cpp">
      <Filter>Source Files</Filter>
    </ClCompile>
    <ClCompile Include="pow.cpp">
      <Filter>Source Files</Filter>
    </ClCompile>
    <ClCompile Include="multiply.cpp">
      <Filter>Source Files</Filter>
    </ClCompile>
    <ClCompile Include="transpose.cpp">
      <Filter>Source Files</Filter>
    </ClCompile>
    <ClCompile Include="add.cpp">
      <Filter>Source Files</Filter>
    </ClCompile>
    <ClCompile Include="add_weighted.cpp">
      <Filter>Source Files</Filter>
    </ClCompile>
    <ClCompile Include="divide.cpp">
      <Filter>Source Files</Filter>
    </ClCompile>
    <ClCompile Include="_finding_lines_and_contours.cpp">
      <Filter>Source Files</Filter>
    </ClCompile>
    <ClCompile Include="_test_1.cpp">
      <Filter>Source Files</Filter>
    </ClCompile>
    <ClCompile Include="mean_std_dev.cpp">
      <Filter>Source Files</Filter>
    </ClCompile>
    <ClCompile Include="determinant.cpp">
      <Filter>Source Files</Filter>
    </ClCompile>
    <ClCompile Include="min_max_loc.cpp">
      <Filter>Source Files</Filter>
    </ClCompile>
    <ClCompile Include="min_max_idx.cpp">
      <Filter>Source Files</Filter>
    </ClCompile>
    <ClCompile Include="exp.cpp">
      <Filter>Source Files</Filter>
    </ClCompile>
    <ClCompile Include="convert_scale_abs.cpp">
      <Filter>Source Files</Filter>
    </ClCompile>
    <ClCompile Include="invert.cpp">
      <Filter>Source Files</Filter>
    </ClCompile>
    <ClCompile Include="eigen.cpp">
      <Filter>Source Files</Filter>
    </ClCompile>
    <ClCompile Include="bitwise_ops.cpp">
      <Filter>Source Files</Filter>
    </ClCompile>
    <ClCompile Include="_shi_thomasi.cpp">
      <Filter>Source Files</Filter>
    </ClCompile>
    <ClCompile Include="check_range.cpp">
      <Filter>Source Files</Filter>
    </ClCompile>
    <ClCompile Include="log.cpp">
      <Filter>Source Files</Filter>
    </ClCompile>
    <ClCompile Include="psnr.cpp">
      <Filter>Source Files</Filter>
    </ClCompile>
    <ClCompile Include="normalize.cpp">
      <Filter>Source Files</Filter>
    </ClCompile>
    <ClCompile Include="randn.cpp">
      <Filter>Source Files</Filter>
    </ClCompile>
    <ClCompile Include="repeat.cpp">
      <Filter>Source Files</Filter>
    </ClCompile>
    <ClCompile Include="sort.cpp">
      <Filter>Source Files</Filter>
    </ClCompile>
    <ClCompile Include="solve.cpp">
      <Filter>Source Files</Filter>
    </ClCompile>
    <ClCompile Include="dct.cpp">
      <Filter>Source Files</Filter>
    </ClCompile>
    <ClCompile Include="dft.cpp">
      <Filter>Source Files</Filter>
    </ClCompile>
    <ClCompile Include="magnitude.cpp">
      <Filter>Source Files</Filter>
    </ClCompile>
    <ClCompile Include="fit_ellipse.cpp">
      <Filter>Source Files</Filter>
    </ClCompile>
    <ClCompile Include="_test_watershed_corners.cpp">
      <Filter>Source Files</Filter>
    </ClCompile>
    <ClCompile Include="phase.cpp">
      <Filter>Source Files</Filter>
    </ClCompile>
    <ClCompile Include="calc_covar_matrix.cpp">
      <Filter>Source Files</Filter>
    </ClCompile>
    <ClCompile Include="mahalanobis.cpp">
      <Filter>Source Files</Filter>
    </ClCompile>
    <ClCompile Include="reduce.cpp">
      <Filter>Source Files</Filter>
    </ClCompile>
    <ClCompile Include="perspective_transform.cpp">
      <Filter>Source Files</Filter>
    </ClCompile>
    <ClCompile Include="svd_decomposition.cpp">
      <Filter>Source Files</Filter>
    </ClCompile>
    <ClCompile Include="mix_channels.cpp">
      <Filter>Source Files</Filter>
    </ClCompile>
    <ClCompile Include="get_cuda_device_count.cpp">
      <Filter>Source Files</Filter>
    </ClCompile>
    <ClCompile Include="kmeans.cpp">
      <Filter>Source Files</Filter>
    </ClCompile>
    <ClCompile Include="partition.cpp">
      <Filter>Source Files</Filter>
    </ClCompile>
  </ItemGroup>
  <ItemGroup>
    <ClInclude Include="opencv_test.h">
      <Filter>Header Files</Filter>
    </ClInclude>
  </ItemGroup>
</Project>